
Microsoft Visual Studio Solution File, Format Version 12.00
# Visual Studio Version 17
VisualStudioVersion = 17.13.35806.99 d17.13
MinimumVisualStudioVersion = 10.0.40219.1
Project("{FAE04EC0-301F-11D3-BF4B-00C04F79EFBC}") = "EventEaseMVC", "EventEaseMVC\EventEaseMVC.csproj", "{84985762-C5F5-404C-A9C1-43A1994EE01C}"
EndProject
Global
	GlobalSection(SolutionConfigurationPlatforms) = preSolution
		Debug|Any CPU = Debug|Any CPU
		Release|Any CPU = Release|Any CPU
	EndGlobalSection
	GlobalSection(ProjectConfigurationPlatforms) = postSolution
		{84985762-C5F5-404C-A9C1-43A1994EE01C}.Debug|Any CPU.ActiveCfg = Debug|Any CPU
		{84985762-C5F5-404C-A9C1-43A1994EE01C}.Debug|Any CPU.Build.0 = Debug|Any CPU
		{84985762-C5F5-404C-A9C1-43A1994EE01C}.Release|Any CPU.ActiveCfg = Release|Any CPU
		{84985762-C5F5-404C-A9C1-43A1994EE01C}.Release|Any CPU.Build.0 = Release|Any CPU
	EndGlobalSection
	GlobalSection(SolutionProperties) = preSolution
		HideSolutionNode = FALSE
	EndGlobalSection
	GlobalSection(ExtensibilityGlobals) = postSolution
		SolutionGuid = {F7549E97-FB1C-46AE-9D89-669FA7A72859}
	EndGlobalSection
EndGlobal
